// !$*UTF8*$!
{
	archiveVersion = 1;
	classes = {
	};
	objectVersion = 51;
	objects = {

/* Begin PBXBuildFile section */
		4B20BE7C259A4A3200EC7F46 /* SearchBar.swift in Sources */ = {isa = PBXBuildFile; fileRef = 4B20BE7B259A4A3200EC7F46 /* SearchBar.swift */; };
		4B20BE7F259A582400EC7F46 /* ActivityIndicator.swift in Sources */ = {isa = PBXBuildFile; fileRef = 4B20BE7E259A582400EC7F46 /* ActivityIndicator.swift */; };
		4B20BE85259A59FF00EC7F46 /* View+hideKeyboard.swift in Sources */ = {isa = PBXBuildFile; fileRef = 4B20BE84259A59FF00EC7F46 /* View+hideKeyboard.swift */; };
		4B42A279258D020500037AA8 /* PlayolaiOSUIApp.swift in Sources */ = {isa = PBXBuildFile; fileRef = 4B42A278258D020500037AA8 /* PlayolaiOSUIApp.swift */; };
		4B42A27B258D020500037AA8 /* ContentView.swift in Sources */ = {isa = PBXBuildFile; fileRef = 4B42A27A258D020500037AA8 /* ContentView.swift */; };
		4B42A27D258D020800037AA8 /* Assets.xcassets in Resources */ = {isa = PBXBuildFile; fileRef = 4B42A27C258D020800037AA8 /* Assets.xcassets */; };
		4B42A280258D020800037AA8 /* Preview Assets.xcassets in Resources */ = {isa = PBXBuildFile; fileRef = 4B42A27F258D020800037AA8 /* Preview Assets.xcassets */; };
		4B42A28E258D048400037AA8 /* SignInView.swift in Sources */ = {isa = PBXBuildFile; fileRef = 4B42A28D258D048300037AA8 /* SignInView.swift */; };
		4B42A291258D04C600037AA8 /* Color+Extension.swift in Sources */ = {isa = PBXBuildFile; fileRef = 4B42A290258D04C600037AA8 /* Color+Extension.swift */; };
		4B42A294258D04E400037AA8 /* SignInViewModel.swift in Sources */ = {isa = PBXBuildFile; fileRef = 4B42A293258D04E400037AA8 /* SignInViewModel.swift */; };
		4B42A29A258D0EA600037AA8 /* HomeView.swift in Sources */ = {isa = PBXBuildFile; fileRef = 4B42A299258D0EA600037AA8 /* HomeView.swift */; };
		4B42A29F258D35BC00037AA8 /* CurrentUser.swift in Sources */ = {isa = PBXBuildFile; fileRef = 4B42A29E258D35BC00037AA8 /* CurrentUser.swift */; };
		4B42A2A2258D382300037AA8 /* User.swift in Sources */ = {isa = PBXBuildFile; fileRef = 4B42A2A1258D382300037AA8 /* User.swift */; };
		4B42A2A5258D391800037AA8 /* Mocks.swift in Sources */ = {isa = PBXBuildFile; fileRef = 4B42A2A4258D391800037AA8 /* Mocks.swift */; };
		4B42A2AF258D55AC00037AA8 /* SongCollectionView.swift in Sources */ = {isa = PBXBuildFile; fileRef = 4B42A2AE258D55AC00037AA8 /* SongCollectionView.swift */; };
		4B42A2B2258D55BC00037AA8 /* SongCollectionViewModel.swift in Sources */ = {isa = PBXBuildFile; fileRef = 4B42A2B1258D55BC00037AA8 /* SongCollectionViewModel.swift */; };
		4B42A2B5258D561F00037AA8 /* Song.swift in Sources */ = {isa = PBXBuildFile; fileRef = 4B42A2B4258D561F00037AA8 /* Song.swift */; };
		4B42A2BD258D5A1100037AA8 /* SongCollectionSongView.swift in Sources */ = {isa = PBXBuildFile; fileRef = 4B42A2BC258D5A1100037AA8 /* SongCollectionSongView.swift */; };
		4B8DA4A12599084C00D887DA /* FavoriteSongsView.swift in Sources */ = {isa = PBXBuildFile; fileRef = 4B8DA4A02599084C00D887DA /* FavoriteSongsView.swift */; };
		4B8DA4A425992E4A00D887DA /* LinearGradient+blackOpacityGradient.swift in Sources */ = {isa = PBXBuildFile; fileRef = 4B8DA4A325992E4A00D887DA /* LinearGradient+blackOpacityGradient.swift */; };
		4B8DA4AE2599342D00D887DA /* SmallVerticalButton.swift in Sources */ = {isa = PBXBuildFile; fileRef = 4B8DA4AD2599342D00D887DA /* SmallVerticalButton.swift */; };
		4B8DA4BE259A144D00D887DA /* ImageGrid.swift in Sources */ = {isa = PBXBuildFile; fileRef = 4B8DA4BD259A144D00D887DA /* ImageGrid.swift */; };
		4BA0E4E4259A5B8C0098FF5E /* SearchSongsView.swift in Sources */ = {isa = PBXBuildFile; fileRef = 4BA0E4E3259A5B8C0098FF5E /* SearchSongsView.swift */; };
		4BA0E4E7259A5BC90098FF5E /* SearchSongsViewModel.swift in Sources */ = {isa = PBXBuildFile; fileRef = 4BA0E4E6259A5BC90098FF5E /* SearchSongsViewModel.swift */; };
		4BA0E50F259A9D3E0098FF5E /* DragExperiment.swift in Sources */ = {isa = PBXBuildFile; fileRef = 4BA0E50E259A9D3E0098FF5E /* DragExperiment.swift */; };
		4BE4B0D9259BE6FF002BD93C /* SongSearchTabSwitcher.swift in Sources */ = {isa = PBXBuildFile; fileRef = 4BE4B0D8259BE6FF002BD93C /* SongSearchTabSwitcher.swift */; };
		4BE4B0DC259BE927002BD93C /* String+width.swift in Sources */ = {isa = PBXBuildFile; fileRef = 4BE4B0DB259BE927002BD93C /* String+width.swift */; };
		4BE4B0E8259BEFCB002BD93C /* SearchFavoriteSongsView.swift in Sources */ = {isa = PBXBuildFile; fileRef = 4BE4B0E7259BEFCB002BD93C /* SearchFavoriteSongsView.swift */; };
		4BE4B0EB259BF0D3002BD93C /* SongPickerView.swift in Sources */ = {isa = PBXBuildFile; fileRef = 4BE4B0EA259BF0D3002BD93C /* SongPickerView.swift */; };
		4BE4B0EE259BF588002BD93C /* HeaderView.swift in Sources */ = {isa = PBXBuildFile; fileRef = 4BE4B0ED259BF588002BD93C /* HeaderView.swift */; };
		4BE4B0F1259CC8CB002BD93C /* FollowersView.swift in Sources */ = {isa = PBXBuildFile; fileRef = 4BE4B0F0259CC8CB002BD93C /* FollowersView.swift */; };
		4BE4B0F4259CE34A002BD93C /* UserView.swift in Sources */ = {isa = PBXBuildFile; fileRef = 4BE4B0F3259CE34A002BD93C /* UserView.swift */; };
		4BE4B0FA259D014F002BD93C /* FollowerPlaylistDetailView.swift in Sources */ = {isa = PBXBuildFile; fileRef = 4BE4B0F9259D014F002BD93C /* FollowerPlaylistDetailView.swift */; };
		4BE4B0FD259D147D002BD93C /* SongListEditorView.swift in Sources */ = {isa = PBXBuildFile; fileRef = 4BE4B0FC259D147D002BD93C /* SongListEditorView.swift */; };
		6E6C8E0A23B40906F9F1D126 /* Pods_PlayolaiOSUI.framework in Frameworks */ = {isa = PBXBuildFile; fileRef = 204BB74243F409927A9D0BF6 /* Pods_PlayolaiOSUI.framework */; };
/* End PBXBuildFile section */

/* Begin PBXFileReference section */
		1BBDEE80CDAA62E70C9D83CE /* Pods-PlayolaiOSUI.release.xcconfig */ = {isa = PBXFileReference; includeInIndex = 1; lastKnownFileType = text.xcconfig; name = "Pods-PlayolaiOSUI.release.xcconfig"; path = "Target Support Files/Pods-PlayolaiOSUI/Pods-PlayolaiOSUI.release.xcconfig"; sourceTree = "<group>"; };
		204BB74243F409927A9D0BF6 /* Pods_PlayolaiOSUI.framework */ = {isa = PBXFileReference; explicitFileType = wrapper.framework; includeInIndex = 0; path = Pods_PlayolaiOSUI.framework; sourceTree = BUILT_PRODUCTS_DIR; };
		209DF88EC9AAA82C68E05406 /* Pods-PlayolaiOSUI.debug.xcconfig */ = {isa = PBXFileReference; includeInIndex = 1; lastKnownFileType = text.xcconfig; name = "Pods-PlayolaiOSUI.debug.xcconfig"; path = "Target Support Files/Pods-PlayolaiOSUI/Pods-PlayolaiOSUI.debug.xcconfig"; sourceTree = "<group>"; };
		4B20BE7B259A4A3200EC7F46 /* SearchBar.swift */ = {isa = PBXFileReference; lastKnownFileType = sourcecode.swift; path = SearchBar.swift; sourceTree = "<group>"; };
		4B20BE7E259A582400EC7F46 /* ActivityIndicator.swift */ = {isa = PBXFileReference; lastKnownFileType = sourcecode.swift; path = ActivityIndicator.swift; sourceTree = "<group>"; };
		4B20BE84259A59FF00EC7F46 /* View+hideKeyboard.swift */ = {isa = PBXFileReference; lastKnownFileType = sourcecode.swift; path = "View+hideKeyboard.swift"; sourceTree = "<group>"; };
		4B42A275258D020500037AA8 /* PlayolaiOSUI.app */ = {isa = PBXFileReference; explicitFileType = wrapper.application; includeInIndex = 0; path = PlayolaiOSUI.app; sourceTree = BUILT_PRODUCTS_DIR; };
		4B42A278258D020500037AA8 /* PlayolaiOSUIApp.swift */ = {isa = PBXFileReference; lastKnownFileType = sourcecode.swift; path = PlayolaiOSUIApp.swift; sourceTree = "<group>"; };
		4B42A27A258D020500037AA8 /* ContentView.swift */ = {isa = PBXFileReference; lastKnownFileType = sourcecode.swift; path = ContentView.swift; sourceTree = "<group>"; };
		4B42A27C258D020800037AA8 /* Assets.xcassets */ = {isa = PBXFileReference; lastKnownFileType = folder.assetcatalog; path = Assets.xcassets; sourceTree = "<group>"; };
		4B42A27F258D020800037AA8 /* Preview Assets.xcassets */ = {isa = PBXFileReference; lastKnownFileType = folder.assetcatalog; path = "Preview Assets.xcassets"; sourceTree = "<group>"; };
		4B42A281258D020800037AA8 /* Info.plist */ = {isa = PBXFileReference; lastKnownFileType = text.plist.xml; path = Info.plist; sourceTree = "<group>"; };
		4B42A28D258D048300037AA8 /* SignInView.swift */ = {isa = PBXFileReference; lastKnownFileType = sourcecode.swift; path = SignInView.swift; sourceTree = "<group>"; };
		4B42A290258D04C600037AA8 /* Color+Extension.swift */ = {isa = PBXFileReference; lastKnownFileType = sourcecode.swift; path = "Color+Extension.swift"; sourceTree = "<group>"; };
		4B42A293258D04E400037AA8 /* SignInViewModel.swift */ = {isa = PBXFileReference; lastKnownFileType = sourcecode.swift; path = SignInViewModel.swift; sourceTree = "<group>"; };
		4B42A299258D0EA600037AA8 /* HomeView.swift */ = {isa = PBXFileReference; lastKnownFileType = sourcecode.swift; path = HomeView.swift; sourceTree = "<group>"; };
		4B42A29E258D35BC00037AA8 /* CurrentUser.swift */ = {isa = PBXFileReference; lastKnownFileType = sourcecode.swift; path = CurrentUser.swift; sourceTree = "<group>"; };
		4B42A2A1258D382300037AA8 /* User.swift */ = {isa = PBXFileReference; lastKnownFileType = sourcecode.swift; path = User.swift; sourceTree = "<group>"; };
		4B42A2A4258D391800037AA8 /* Mocks.swift */ = {isa = PBXFileReference; lastKnownFileType = sourcecode.swift; path = Mocks.swift; sourceTree = "<group>"; };
		4B42A2AE258D55AC00037AA8 /* SongCollectionView.swift */ = {isa = PBXFileReference; lastKnownFileType = sourcecode.swift; path = SongCollectionView.swift; sourceTree = "<group>"; };
		4B42A2B1258D55BC00037AA8 /* SongCollectionViewModel.swift */ = {isa = PBXFileReference; lastKnownFileType = sourcecode.swift; path = SongCollectionViewModel.swift; sourceTree = "<group>"; };
		4B42A2B4258D561F00037AA8 /* Song.swift */ = {isa = PBXFileReference; lastKnownFileType = sourcecode.swift; path = Song.swift; sourceTree = "<group>"; };
		4B42A2BC258D5A1100037AA8 /* SongCollectionSongView.swift */ = {isa = PBXFileReference; lastKnownFileType = sourcecode.swift; path = SongCollectionSongView.swift; sourceTree = "<group>"; };
		4B8DA4A02599084C00D887DA /* FavoriteSongsView.swift */ = {isa = PBXFileReference; lastKnownFileType = sourcecode.swift; path = FavoriteSongsView.swift; sourceTree = "<group>"; };
		4B8DA4A325992E4A00D887DA /* LinearGradient+blackOpacityGradient.swift */ = {isa = PBXFileReference; lastKnownFileType = sourcecode.swift; path = "LinearGradient+blackOpacityGradient.swift"; sourceTree = "<group>"; };
		4B8DA4AD2599342D00D887DA /* SmallVerticalButton.swift */ = {isa = PBXFileReference; lastKnownFileType = sourcecode.swift; path = SmallVerticalButton.swift; sourceTree = "<group>"; };
		4B8DA4BD259A144D00D887DA /* ImageGrid.swift */ = {isa = PBXFileReference; lastKnownFileType = sourcecode.swift; path = ImageGrid.swift; sourceTree = "<group>"; };
		4BA0E4E3259A5B8C0098FF5E /* SearchSongsView.swift */ = {isa = PBXFileReference; lastKnownFileType = sourcecode.swift; path = SearchSongsView.swift; sourceTree = "<group>"; };
		4BA0E4E6259A5BC90098FF5E /* SearchSongsViewModel.swift */ = {isa = PBXFileReference; lastKnownFileType = sourcecode.swift; path = SearchSongsViewModel.swift; sourceTree = "<group>"; };
		4BA0E50E259A9D3E0098FF5E /* DragExperiment.swift */ = {isa = PBXFileReference; lastKnownFileType = sourcecode.swift; path = DragExperiment.swift; sourceTree = "<group>"; };
		4BE4B0D8259BE6FF002BD93C /* SongSearchTabSwitcher.swift */ = {isa = PBXFileReference; lastKnownFileType = sourcecode.swift; path = SongSearchTabSwitcher.swift; sourceTree = "<group>"; };
		4BE4B0DB259BE927002BD93C /* String+width.swift */ = {isa = PBXFileReference; lastKnownFileType = sourcecode.swift; path = "String+width.swift"; sourceTree = "<group>"; };
		4BE4B0E7259BEFCB002BD93C /* SearchFavoriteSongsView.swift */ = {isa = PBXFileReference; lastKnownFileType = sourcecode.swift; path = SearchFavoriteSongsView.swift; sourceTree = "<group>"; };
		4BE4B0EA259BF0D3002BD93C /* SongPickerView.swift */ = {isa = PBXFileReference; lastKnownFileType = sourcecode.swift; path = SongPickerView.swift; sourceTree = "<group>"; };
		4BE4B0ED259BF588002BD93C /* HeaderView.swift */ = {isa = PBXFileReference; lastKnownFileType = sourcecode.swift; path = HeaderView.swift; sourceTree = "<group>"; };
		4BE4B0F0259CC8CB002BD93C /* FollowersView.swift */ = {isa = PBXFileReference; lastKnownFileType = sourcecode.swift; path = FollowersView.swift; sourceTree = "<group>"; };
		4BE4B0F3259CE34A002BD93C /* UserView.swift */ = {isa = PBXFileReference; lastKnownFileType = sourcecode.swift; path = UserView.swift; sourceTree = "<group>"; };
		4BE4B0F9259D014F002BD93C /* FollowerPlaylistDetailView.swift */ = {isa = PBXFileReference; lastKnownFileType = sourcecode.swift; path = FollowerPlaylistDetailView.swift; sourceTree = "<group>"; };
		4BE4B0FC259D147D002BD93C /* SongListEditorView.swift */ = {isa = PBXFileReference; lastKnownFileType = sourcecode.swift; path = SongListEditorView.swift; sourceTree = "<group>"; };
/* End PBXFileReference section */

/* Begin PBXFrameworksBuildPhase section */
		4B42A272258D020500037AA8 /* Frameworks */ = {
			isa = PBXFrameworksBuildPhase;
			buildActionMask = 2147483647;
			files = (
				6E6C8E0A23B40906F9F1D126 /* Pods_PlayolaiOSUI.framework in Frameworks */,
			);
			runOnlyForDeploymentPostprocessing = 0;
		};
/* End PBXFrameworksBuildPhase section */

/* Begin PBXGroup section */
		4B42A26C258D020500037AA8 = {
			isa = PBXGroup;
			children = (
				4B42A277258D020500037AA8 /* PlayolaiOSUI */,
				4B42A276258D020500037AA8 /* Products */,
				5E1037516D38D82C1D7D2502 /* Pods */,
				9BBAC23AA1139D9FC9B0BE37 /* Frameworks */,
			);
			sourceTree = "<group>";
		};
		4B42A276258D020500037AA8 /* Products */ = {
			isa = PBXGroup;
			children = (
				4B42A275258D020500037AA8 /* PlayolaiOSUI.app */,
			);
			name = Products;
			sourceTree = "<group>";
		};
		4B42A277258D020500037AA8 /* PlayolaiOSUI */ = {
			isa = PBXGroup;
			children = (
				4B42A278258D020500037AA8 /* PlayolaiOSUIApp.swift */,
				4B42A29E258D35BC00037AA8 /* CurrentUser.swift */,
				4B20BE7B259A4A3200EC7F46 /* SearchBar.swift */,
				4BE4B0F7259CFFFD002BD93C /* SongPicker */,
				4B20BE7E259A582400EC7F46 /* ActivityIndicator.swift */,
				4B42A2B9258D587D00037AA8 /* SongCollectionView */,
				4B42A2B7258D587100037AA8 /* SignInView */,
				4B8DA4A625992E6500D887DA /* Extensions */,
				4B42A27A258D020500037AA8 /* ContentView.swift */,
				4BE4B0F0259CC8CB002BD93C /* FollowersView.swift */,
				4BE4B0F9259D014F002BD93C /* FollowerPlaylistDetailView.swift */,
				4BE4B0F3259CE34A002BD93C /* UserView.swift */,
				4B8DA4AD2599342D00D887DA /* SmallVerticalButton.swift */,
				4B8DA4A02599084C00D887DA /* FavoriteSongsView.swift */,
				4BE4B0FC259D147D002BD93C /* SongListEditorView.swift */,
				4BE4B0ED259BF588002BD93C /* HeaderView.swift */,
				4B8DA4BD259A144D00D887DA /* ImageGrid.swift */,
				4B42A27C258D020800037AA8 /* Assets.xcassets */,
				4B42A299258D0EA600037AA8 /* HomeView.swift */,
				4B42A281258D020800037AA8 /* Info.plist */,
				4B42A27E258D020800037AA8 /* Preview Content */,
				4B42A2A1258D382300037AA8 /* User.swift */,
				4B42A2A4258D391800037AA8 /* Mocks.swift */,
				4B42A2B4258D561F00037AA8 /* Song.swift */,
				4BA0E50E259A9D3E0098FF5E /* DragExperiment.swift */,
			);
			path = PlayolaiOSUI;
			sourceTree = "<group>";
		};
		4B42A27E258D020800037AA8 /* Preview Content */ = {
			isa = PBXGroup;
			children = (
				4B42A27F258D020800037AA8 /* Preview Assets.xcassets */,
			);
			path = "Preview Content";
			sourceTree = "<group>";
		};
		4B42A2B7258D587100037AA8 /* SignInView */ = {
			isa = PBXGroup;
			children = (
				4B42A28D258D048300037AA8 /* SignInView.swift */,
				4B42A293258D04E400037AA8 /* SignInViewModel.swift */,
			);
			path = SignInView;
			sourceTree = "<group>";
		};
		4B42A2B9258D587D00037AA8 /* SongCollectionView */ = {
			isa = PBXGroup;
			children = (
				4B42A2AE258D55AC00037AA8 /* SongCollectionView.swift */,
				4B42A2B1258D55BC00037AA8 /* SongCollectionViewModel.swift */,
				4B42A2BC258D5A1100037AA8 /* SongCollectionSongView.swift */,
			);
			path = SongCollectionView;
			sourceTree = "<group>";
		};
		4B8DA4A625992E6500D887DA /* Extensions */ = {
			isa = PBXGroup;
			children = (
				4B42A290258D04C600037AA8 /* Color+Extension.swift */,
				4B8DA4A325992E4A00D887DA /* LinearGradient+blackOpacityGradient.swift */,
				4B20BE84259A59FF00EC7F46 /* View+hideKeyboard.swift */,
				4BE4B0DB259BE927002BD93C /* String+width.swift */,
			);
			path = Extensions;
			sourceTree = "<group>";
		};
		4BE4B0F7259CFFFD002BD93C /* SongPicker */ = {
			isa = PBXGroup;
			children = (
				4BA0E4E3259A5B8C0098FF5E /* SearchSongsView.swift */,
				4BE4B0EA259BF0D3002BD93C /* SongPickerView.swift */,
				4BE4B0D8259BE6FF002BD93C /* SongSearchTabSwitcher.swift */,
				4BE4B0E7259BEFCB002BD93C /* SearchFavoriteSongsView.swift */,
				4BA0E4E6259A5BC90098FF5E /* SearchSongsViewModel.swift */,
			);
			path = SongPicker;
			sourceTree = "<group>";
		};
		5E1037516D38D82C1D7D2502 /* Pods */ = {
			isa = PBXGroup;
			children = (
				209DF88EC9AAA82C68E05406 /* Pods-PlayolaiOSUI.debug.xcconfig */,
				1BBDEE80CDAA62E70C9D83CE /* Pods-PlayolaiOSUI.release.xcconfig */,
			);
			path = Pods;
			sourceTree = "<group>";
		};
		9BBAC23AA1139D9FC9B0BE37 /* Frameworks */ = {
			isa = PBXGroup;
			children = (
				204BB74243F409927A9D0BF6 /* Pods_PlayolaiOSUI.framework */,
			);
			name = Frameworks;
			sourceTree = "<group>";
		};
/* End PBXGroup section */

/* Begin PBXNativeTarget section */
		4B42A274258D020500037AA8 /* PlayolaiOSUI */ = {
			isa = PBXNativeTarget;
			buildConfigurationList = 4B42A284258D020800037AA8 /* Build configuration list for PBXNativeTarget "PlayolaiOSUI" */;
			buildPhases = (
				68BFBF0016C37732C807056F /* [CP] Check Pods Manifest.lock */,
				4B42A271258D020500037AA8 /* Sources */,
				4B42A272258D020500037AA8 /* Frameworks */,
				4B42A273258D020500037AA8 /* Resources */,
				5D14EAB98EB1283068047B69 /* [CP] Embed Pods Frameworks */,
			);
			buildRules = (
			);
			dependencies = (
			);
			name = PlayolaiOSUI;
			productName = PlayolaiOSUI;
			productReference = 4B42A275258D020500037AA8 /* PlayolaiOSUI.app */;
			productType = "com.apple.product-type.application";
		};
/* End PBXNativeTarget section */

/* Begin PBXProject section */
		4B42A26D258D020500037AA8 /* Project object */ = {
			isa = PBXProject;
			attributes = {
				LastSwiftUpdateCheck = 1230;
				LastUpgradeCheck = 1230;
				TargetAttributes = {
					4B42A274258D020500037AA8 = {
						CreatedOnToolsVersion = 12.3;
					};
				};
			};
			buildConfigurationList = 4B42A270258D020500037AA8 /* Build configuration list for PBXProject "PlayolaiOSUI" */;
			compatibilityVersion = "Xcode 9.3";
			developmentRegion = en;
			hasScannedForEncodings = 0;
			knownRegions = (
				en,
				Base,
			);
			mainGroup = 4B42A26C258D020500037AA8;
			productRefGroup = 4B42A276258D020500037AA8 /* Products */;
			projectDirPath = "";
			projectRoot = "";
			targets = (
				4B42A274258D020500037AA8 /* PlayolaiOSUI */,
			);
		};
/* End PBXProject section */

/* Begin PBXResourcesBuildPhase section */
		4B42A273258D020500037AA8 /* Resources */ = {
			isa = PBXResourcesBuildPhase;
			buildActionMask = 2147483647;
			files = (
				4B42A280258D020800037AA8 /* Preview Assets.xcassets in Resources */,
				4B42A27D258D020800037AA8 /* Assets.xcassets in Resources */,
			);
			runOnlyForDeploymentPostprocessing = 0;
		};
/* End PBXResourcesBuildPhase section */

/* Begin PBXShellScriptBuildPhase section */
		5D14EAB98EB1283068047B69 /* [CP] Embed Pods Frameworks */ = {
			isa = PBXShellScriptBuildPhase;
			buildActionMask = 2147483647;
			files = (
			);
			inputFileListPaths = (
				"${PODS_ROOT}/Target Support Files/Pods-PlayolaiOSUI/Pods-PlayolaiOSUI-frameworks-${CONFIGURATION}-input-files.xcfilelist",
			);
			name = "[CP] Embed Pods Frameworks";
			outputFileListPaths = (
				"${PODS_ROOT}/Target Support Files/Pods-PlayolaiOSUI/Pods-PlayolaiOSUI-frameworks-${CONFIGURATION}-output-files.xcfilelist",
			);
			runOnlyForDeploymentPostprocessing = 0;
			shellPath = /bin/sh;
			shellScript = "\"${PODS_ROOT}/Target Support Files/Pods-PlayolaiOSUI/Pods-PlayolaiOSUI-frameworks.sh\"\n";
			showEnvVarsInLog = 0;
		};
		68BFBF0016C37732C807056F /* [CP] Check Pods Manifest.lock */ = {
			isa = PBXShellScriptBuildPhase;
			buildActionMask = 2147483647;
			files = (
			);
			inputFileListPaths = (
			);
			inputPaths = (
				"${PODS_PODFILE_DIR_PATH}/Podfile.lock",
				"${PODS_ROOT}/Manifest.lock",
			);
			name = "[CP] Check Pods Manifest.lock";
			outputFileListPaths = (
			);
			outputPaths = (
				"$(DERIVED_FILE_DIR)/Pods-PlayolaiOSUI-checkManifestLockResult.txt",
			);
			runOnlyForDeploymentPostprocessing = 0;
			shellPath = /bin/sh;
			shellScript = "diff \"${PODS_PODFILE_DIR_PATH}/Podfile.lock\" \"${PODS_ROOT}/Manifest.lock\" > /dev/null\nif [ $? != 0 ] ; then\n    # print error to STDERR\n    echo \"error: The sandbox is not in sync with the Podfile.lock. Run 'pod install' or update your CocoaPods installation.\" >&2\n    exit 1\nfi\n# This output is used by Xcode 'outputs' to avoid re-running this script phase.\necho \"SUCCESS\" > \"${SCRIPT_OUTPUT_FILE_0}\"\n";
			showEnvVarsInLog = 0;
		};
/* End PBXShellScriptBuildPhase section */

/* Begin PBXSourcesBuildPhase section */
		4B42A271258D020500037AA8 /* Sources */ = {
			isa = PBXSourcesBuildPhase;
			buildActionMask = 2147483647;
			files = (
				4B42A2B5258D561F00037AA8 /* Song.swift in Sources */,
				4B42A29A258D0EA600037AA8 /* HomeView.swift in Sources */,
				4B20BE7F259A582400EC7F46 /* ActivityIndicator.swift in Sources */,
				4B42A2AF258D55AC00037AA8 /* SongCollectionView.swift in Sources */,
				4BE4B0F1259CC8CB002BD93C /* FollowersView.swift in Sources */,
				4BA0E50F259A9D3E0098FF5E /* DragExperiment.swift in Sources */,
				4B8DA4AE2599342D00D887DA /* SmallVerticalButton.swift in Sources */,
				4B8DA4A12599084C00D887DA /* FavoriteSongsView.swift in Sources */,
				4BE4B0FD259D147D002BD93C /* SongListEditorView.swift in Sources */,
				4BA0E4E4259A5B8C0098FF5E /* SearchSongsView.swift in Sources */,
				4B20BE7C259A4A3200EC7F46 /* SearchBar.swift in Sources */,
				4B42A28E258D048400037AA8 /* SignInView.swift in Sources */,
				4B42A2BD258D5A1100037AA8 /* SongCollectionSongView.swift in Sources */,
				4B8DA4BE259A144D00D887DA /* ImageGrid.swift in Sources */,
				4BA0E4E7259A5BC90098FF5E /* SearchSongsViewModel.swift in Sources */,
				4B42A27B258D020500037AA8 /* ContentView.swift in Sources */,
				4BE4B0EB259BF0D3002BD93C /* SongPickerView.swift in Sources */,
				4BE4B0E8259BEFCB002BD93C /* SearchFavoriteSongsView.swift in Sources */,
				4B42A279258D020500037AA8 /* PlayolaiOSUIApp.swift in Sources */,
				4BE4B0FA259D014F002BD93C /* FollowerPlaylistDetailView.swift in Sources */,
				4B42A2B2258D55BC00037AA8 /* SongCollectionViewModel.swift in Sources */,
				4BE4B0DC259BE927002BD93C /* String+width.swift in Sources */,
				4BE4B0EE259BF588002BD93C /* HeaderView.swift in Sources */,
				4BE4B0D9259BE6FF002BD93C /* SongSearchTabSwitcher.swift in Sources */,
				4B42A2A2258D382300037AA8 /* User.swift in Sources */,
				4B42A291258D04C600037AA8 /* Color+Extension.swift in Sources */,
				4B20BE85259A59FF00EC7F46 /* View+hideKeyboard.swift in Sources */,
				4B8DA4A425992E4A00D887DA /* LinearGradient+blackOpacityGradient.swift in Sources */,
				4B42A29F258D35BC00037AA8 /* CurrentUser.swift in Sources */,
				4BE4B0F4259CE34A002BD93C /* UserView.swift in Sources */,
				4B42A294258D04E400037AA8 /* SignInViewModel.swift in Sources */,
				4B42A2A5258D391800037AA8 /* Mocks.swift in Sources */,
			);
			runOnlyForDeploymentPostprocessing = 0;
		};
/* End PBXSourcesBuildPhase section */

/* Begin XCBuildConfiguration section */
		4B42A282258D020800037AA8 /* Debug */ = {
			isa = XCBuildConfiguration;
			buildSettings = {
				ALWAYS_SEARCH_USER_PATHS = NO;
				CLANG_ANALYZER_NONNULL = YES;
				CLANG_ANALYZER_NUMBER_OBJECT_CONVERSION = YES_AGGRESSIVE;
				CLANG_CXX_LANGUAGE_STANDARD = "gnu++14";
				CLANG_CXX_LIBRARY = "libc++";
				CLANG_ENABLE_MODULES = YES;
				CLANG_ENABLE_OBJC_ARC = YES;
				CLANG_ENABLE_OBJC_WEAK = YES;
				CLANG_WARN_BLOCK_CAPTURE_AUTORELEASING = YES;
				CLANG_WARN_BOOL_CONVERSION = YES;
				CLANG_WARN_COMMA = YES;
				CLANG_WARN_CONSTANT_CONVERSION = YES;
				CLANG_WARN_DEPRECATED_OBJC_IMPLEMENTATIONS = YES;
				CLANG_WARN_DIRECT_OBJC_ISA_USAGE = YES_ERROR;
				CLANG_WARN_DOCUMENTATION_COMMENTS = YES;
				CLANG_WARN_EMPTY_BODY = YES;
				CLANG_WARN_ENUM_CONVERSION = YES;
				CLANG_WARN_INFINITE_RECURSION = YES;
				CLANG_WARN_INT_CONVERSION = YES;
				CLANG_WARN_NON_LITERAL_NULL_CONVERSION = YES;
				CLANG_WARN_OBJC_IMPLICIT_RETAIN_SELF = YES;
				CLANG_WARN_OBJC_LITERAL_CONVERSION = YES;
				CLANG_WARN_OBJC_ROOT_CLASS = YES_ERROR;
				CLANG_WARN_QUOTED_INCLUDE_IN_FRAMEWORK_HEADER = YES;
				CLANG_WARN_RANGE_LOOP_ANALYSIS = YES;
				CLANG_WARN_STRICT_PROTOTYPES = YES;
				CLANG_WARN_SUSPICIOUS_MOVE = YES;
				CLANG_WARN_UNGUARDED_AVAILABILITY = YES_AGGRESSIVE;
				CLANG_WARN_UNREACHABLE_CODE = YES;
				CLANG_WARN__DUPLICATE_METHOD_MATCH = YES;
				COPY_PHASE_STRIP = NO;
				DEBUG_INFORMATION_FORMAT = dwarf;
				ENABLE_STRICT_OBJC_MSGSEND = YES;
				ENABLE_TESTABILITY = YES;
				GCC_C_LANGUAGE_STANDARD = gnu11;
				GCC_DYNAMIC_NO_PIC = NO;
				GCC_NO_COMMON_BLOCKS = YES;
				GCC_OPTIMIZATION_LEVEL = 0;
				GCC_PREPROCESSOR_DEFINITIONS = (
					"DEBUG=1",
					"$(inherited)",
				);
				GCC_WARN_64_TO_32_BIT_CONVERSION = YES;
				GCC_WARN_ABOUT_RETURN_TYPE = YES_ERROR;
				GCC_WARN_UNDECLARED_SELECTOR = YES;
				GCC_WARN_UNINITIALIZED_AUTOS = YES_AGGRESSIVE;
				GCC_WARN_UNUSED_FUNCTION = YES;
				GCC_WARN_UNUSED_VARIABLE = YES;
				IPHONEOS_DEPLOYMENT_TARGET = 14.3;
				MTL_ENABLE_DEBUG_INFO = INCLUDE_SOURCE;
				MTL_FAST_MATH = YES;
				ONLY_ACTIVE_ARCH = YES;
				SDKROOT = iphoneos;
				SWIFT_ACTIVE_COMPILATION_CONDITIONS = DEBUG;
				SWIFT_OPTIMIZATION_LEVEL = "-Onone";
			};
			name = Debug;
		};
		4B42A283258D020800037AA8 /* Release */ = {
			isa = XCBuildConfiguration;
			buildSettings = {
				ALWAYS_SEARCH_USER_PATHS = NO;
				CLANG_ANALYZER_NONNULL = YES;
				CLANG_ANALYZER_NUMBER_OBJECT_CONVERSION = YES_AGGRESSIVE;
				CLANG_CXX_LANGUAGE_STANDARD = "gnu++14";
				CLANG_CXX_LIBRARY = "libc++";
				CLANG_ENABLE_MODULES = YES;
				CLANG_ENABLE_OBJC_ARC = YES;
				CLANG_ENABLE_OBJC_WEAK = YES;
				CLANG_WARN_BLOCK_CAPTURE_AUTORELEASING = YES;
				CLANG_WARN_BOOL_CONVERSION = YES;
				CLANG_WARN_COMMA = YES;
				CLANG_WARN_CONSTANT_CONVERSION = YES;
				CLANG_WARN_DEPRECATED_OBJC_IMPLEMENTATIONS = YES;
				CLANG_WARN_DIRECT_OBJC_ISA_USAGE = YES_ERROR;
				CLANG_WARN_DOCUMENTATION_COMMENTS = YES;
				CLANG_WARN_EMPTY_BODY = YES;
				CLANG_WARN_ENUM_CONVERSION = YES;
				CLANG_WARN_INFINITE_RECURSION = YES;
				CLANG_WARN_INT_CONVERSION = YES;
				CLANG_WARN_NON_LITERAL_NULL_CONVERSION = YES;
				CLANG_WARN_OBJC_IMPLICIT_RETAIN_SELF = YES;
				CLANG_WARN_OBJC_LITERAL_CONVERSION = YES;
				CLANG_WARN_OBJC_ROOT_CLASS = YES_ERROR;
				CLANG_WARN_QUOTED_INCLUDE_IN_FRAMEWORK_HEADER = YES;
				CLANG_WARN_RANGE_LOOP_ANALYSIS = YES;
				CLANG_WARN_STRICT_PROTOTYPES = YES;
				CLANG_WARN_SUSPICIOUS_MOVE = YES;
				CLANG_WARN_UNGUARDED_AVAILABILITY = YES_AGGRESSIVE;
				CLANG_WARN_UNREACHABLE_CODE = YES;
				CLANG_WARN__DUPLICATE_METHOD_MATCH = YES;
				COPY_PHASE_STRIP = NO;
				DEBUG_INFORMATION_FORMAT = "dwarf-with-dsym";
				ENABLE_NS_ASSERTIONS = NO;
				ENABLE_STRICT_OBJC_MSGSEND = YES;
				GCC_C_LANGUAGE_STANDARD = gnu11;
				GCC_NO_COMMON_BLOCKS = YES;
				GCC_WARN_64_TO_32_BIT_CONVERSION = YES;
				GCC_WARN_ABOUT_RETURN_TYPE = YES_ERROR;
				GCC_WARN_UNDECLARED_SELECTOR = YES;
				GCC_WARN_UNINITIALIZED_AUTOS = YES_AGGRESSIVE;
				GCC_WARN_UNUSED_FUNCTION = YES;
				GCC_WARN_UNUSED_VARIABLE = YES;
				IPHONEOS_DEPLOYMENT_TARGET = 14.3;
				MTL_ENABLE_DEBUG_INFO = NO;
				MTL_FAST_MATH = YES;
				SDKROOT = iphoneos;
				SWIFT_COMPILATION_MODE = wholemodule;
				SWIFT_OPTIMIZATION_LEVEL = "-O";
				VALIDATE_PRODUCT = YES;
			};
			name = Release;
		};
		4B42A285258D020800037AA8 /* Debug */ = {
			isa = XCBuildConfiguration;
			baseConfigurationReference = 209DF88EC9AAA82C68E05406 /* Pods-PlayolaiOSUI.debug.xcconfig */;
			buildSettings = {
				ASSETCATALOG_COMPILER_APPICON_NAME = AppIcon;
				ASSETCATALOG_COMPILER_GLOBAL_ACCENT_COLOR_NAME = AccentColor;
				CODE_SIGN_STYLE = Automatic;
				DEVELOPMENT_ASSET_PATHS = "\"PlayolaiOSUI/Preview Content\"";
				DEVELOPMENT_TEAM = FSRSPV9N9Q;
				ENABLE_PREVIEWS = YES;
				INFOPLIST_FILE = PlayolaiOSUI/Info.plist;
				IPHONEOS_DEPLOYMENT_TARGET = 14.0;
				LD_RUNPATH_SEARCH_PATHS = (
					"$(inherited)",
					"@executable_path/Frameworks",
				);
				PRODUCT_BUNDLE_IDENTIFIER = fm.playola.PlayolaiOSUI;
				PRODUCT_NAME = "$(TARGET_NAME)";
				SWIFT_VERSION = 5.0;
				TARGETED_DEVICE_FAMILY = "1,2";
			};
			name = Debug;
		};
		4B42A286258D020800037AA8 /* Release */ = {
			isa = XCBuildConfiguration;
			baseConfigurationReference = 1BBDEE80CDAA62E70C9D83CE /* Pods-PlayolaiOSUI.release.xcconfig */;
			buildSettings = {
				ASSETCATALOG_COMPILER_APPICON_NAME = AppIcon;
				ASSETCATALOG_COMPILER_GLOBAL_ACCENT_COLOR_NAME = AccentColor;
				CODE_SIGN_STYLE = Automatic;
				DEVELOPMENT_ASSET_PATHS = "\"PlayolaiOSUI/Preview Content\"";
				DEVELOPMENT_TEAM = FSRSPV9N9Q;
				ENABLE_PREVIEWS = YES;
				INFOPLIST_FILE = PlayolaiOSUI/Info.plist;
				IPHONEOS_DEPLOYMENT_TARGET = 14.0;
				LD_RUNPATH_SEARCH_PATHS = (
					"$(inherited)",
					"@executable_path/Frameworks",
				);
				PRODUCT_BUNDLE_IDENTIFIER = fm.playola.PlayolaiOSUI;
				PRODUCT_NAME = "$(TARGET_NAME)";
				SWIFT_VERSION = 5.0;
				TARGETED_DEVICE_FAMILY = "1,2";
			};
			name = Release;
		};
/* End XCBuildConfiguration section */

/* Begin XCConfigurationList section */
		4B42A270258D020500037AA8 /* Build configuration list for PBXProject "PlayolaiOSUI" */ = {
			isa = XCConfigurationList;
			buildConfigurations = (
				4B42A282258D020800037AA8 /* Debug */,
				4B42A283258D020800037AA8 /* Release */,
			);
			defaultConfigurationIsVisible = 0;
			defaultConfigurationName = Release;
		};
		4B42A284258D020800037AA8 /* Build configuration list for PBXNativeTarget "PlayolaiOSUI" */ = {
			isa = XCConfigurationList;
			buildConfigurations = (
				4B42A285258D020800037AA8 /* Debug */,
				4B42A286258D020800037AA8 /* Release */,
			);
			defaultConfigurationIsVisible = 0;
			defaultConfigurationName = Release;
		};
/* End XCConfigurationList section */
	};
	rootObject = 4B42A26D258D020500037AA8 /* Project object */;
}
